{
  "name": "lepreconcrash",
  "version": "1.0.0",
  "lockfileVersion": 3,
  "requires": true,
  "packages": {
    "": {
      "name": "lepreconcrash",
      "version": "1.0.0",
      "workspaces": [
        "server"
      ]
    },
    "client": {
      "version": "1.0.0",
      "extraneous": true,
      "dependencies": {
        "@emotion/react": "^11.13.3",
        "@emotion/styled": "^11.13.0",
        "@mui/material": "^6.0.0",
        "@pixi/layers": "^2.1.0",
        "@pixi/sound": "^5.2.3",
        "@pixi/utils": "^7.4.2",
        "esbuild": "^0.23.1",
        "gsap": "^3.12.5",
        "pixi.js": "^7.4.2",
        "react": "^18.3.1",
        "react-dom": "^18.3.1"
      }
    },
    "node_modules/dotenv": {
      "version": "16.4.5",
      "resolved": "https://registry.npmjs.org/dotenv/-/dotenv-16.4.5.tgz",
      "integrity": "sha512-ZmdL2rui+eB2YwhsWzjInR8LldtZHGDoQ1ugH85ppHKwpUHL7j7rN0Ti9NCnGiQbhaZ11FpR+7ao1dNsmduNUg==",
      "license": "BSD-2-Clause",
      "engines": {
        "node": ">=12"
      },
      "funding": {
        "url": "https://dotenvx.com"
      }
    },
    "node_modules/server": {
      "resolved": "server",
      "link": true
    },
    "server": {
      "version": "1.0.0",
      "license": "ISC",
      "dependencies": {
        "dotenv": "^16.4.5"
      }
    }
  }
}
